# This file is automatically @generated by Cargo.
# It is not intended for manual editing.
version = 4

[[package]]
name = "adler2"
version = "2.0.1"
source = "registry+https://github.com/rust-lang/crates.io-index"
checksum = "320119579fcad9c21884f5c4861d16174d0e06250625266f50fe6898340abefa"

[[package]]
name = "anyhow"
version = "1.0.102"
source = "registry+https://github.com/rust-lang/crates.io-index"
checksum = "7f202df86484c868dbad7eaa557ef785d5c66295e41b460ef922eca0723b842c"

[[package]]
name = "auditable-serde"
version = "0.9.0"
source = "registry+https://github.com/rust-lang/crates.io-index"
checksum = "d026218ae25ba5c72834245412dd1338f6d270d2c5109ee03a4badec288d4056"
dependencies = [
 "semver",
 "serde",
 "serde_json",
 "topological-sort",
]

[[package]]
name = "bitflags"
version = "2.11.1"
source = "registry+https://github.com/rust-lang/crates.io-index"
checksum = "c4512299f36f043ab09a583e57bceb5a5aab7a73db1805848e8fef3c9e8c78b3"

[[package]]
name = "bumpalo"
version = "3.20.3"
source = "registry+https://github.com/rust-lang/crates.io-index"
checksum = "72f5acc6cb2ba439de613abc23857ec3d78374d8ed5ac84e9d11336e87da8649"

[[package]]
name = "cfg-if"
version = "1.0.4"
source = "registry+https://github.com/rust-lang/crates.io-index"
checksum = "9330f8b2ff13f34540b44e946ef35111825727b38d33286ef986142615121801"

[[package]]
name = "crc32fast"
version = "1.5.0"
source = "registry+https://github.com/rust-lang/crates.io-index"
checksum = "9481c1c90cbf2ac953f07c8d4a58aa3945c425b7185c9154d67a65e4230da511"
dependencies = [
 "cfg-if",
]

[[package]]
name = "displaydoc"
version = "0.2.5"
source = "registry+https://github.com/rust-lang/crates.io-index"
checksum = "97369cbbc041bc366949bc74d34658d6cda5621039731c6310521892a3a20ae0"
dependencies = [
 "proc-macro2",
 "quote",
 "syn",
]

[[package]]
name = "eo9-component"
version = "0.0.0"
dependencies = [
 "wac-graph",
 "wasm-encoder 0.250.0",
 "wasmparser 0.250.0",
 "wit-component",
 "wit-parser",
]

[[package]]
name = "eo9-placeholder"
version = "0.0.0"

[[package]]
name = "equivalent"
version = "1.0.2"
source = "registry+https://github.com/rust-lang/crates.io-index"
checksum = "877a4ace8713b0bcf2a4e7eec82529c029f1d0619886d18145fea96c3ffe5c0f"

[[package]]
name = "fixedbitset"
version = "0.4.2"
source = "registry+https://github.com/rust-lang/crates.io-index"
checksum = "0ce7134b9999ecaf8bcd65542e436736ef32ddca1b3e06094cb6ec5755203b80"

[[package]]
name = "flate2"
version = "1.1.9"
source = "registry+https://github.com/rust-lang/crates.io-index"
checksum = "843fba2746e448b37e26a819579957415c8cef339bf08564fe8b7ddbd959573c"
dependencies = [
 "crc32fast",
 "miniz_oxide",
]

[[package]]
name = "foldhash"
version = "0.2.0"
source = "registry+https://github.com/rust-lang/crates.io-index"
checksum = "77ce24cb58228fbb8aa041425bb1050850ac19177686ea6e0f41a70416f56fdb"

[[package]]
name = "form_urlencoded"
version = "1.2.2"
source = "registry+https://github.com/rust-lang/crates.io-index"
checksum = "cb4cb245038516f5f85277875cdaa4f7d2c9a0fa0468de06ed190163b1581fcf"
dependencies = [
 "percent-encoding",
]

[[package]]
name = "hashbrown"
version = "0.17.1"
source = "registry+https://github.com/rust-lang/crates.io-index"
checksum = "ed5909b6e89a2db4456e54cd5f673791d7eca6732202bbf2a9cc504fe2f9b84a"
dependencies = [
 "foldhash",
 "serde",
 "serde_core",
]

[[package]]
name = "icu_collections"
version = "2.2.0"
source = "registry+https://github.com/rust-lang/crates.io-index"
checksum = "2984d1cd16c883d7935b9e07e44071dca8d917fd52ecc02c04d5fa0b5a3f191c"
dependencies = [
 "displaydoc",
 "potential_utf",
 "utf8_iter",
 "yoke",
 "zerofrom",
 "zerovec",
]

[[package]]
name = "icu_locale_core"
version = "2.2.0"
source = "registry+https://github.com/rust-lang/crates.io-index"
checksum = "92219b62b3e2b4d88ac5119f8904c10f8f61bf7e95b640d25ba3075e6cac2c29"
dependencies = [
 "displaydoc",
 "litemap",
 "tinystr",
 "writeable",
 "zerovec",
]

[[package]]
name = "icu_normalizer"
version = "2.2.0"
source = "registry+https://github.com/rust-lang/crates.io-index"
checksum = "c56e5ee99d6e3d33bd91c5d85458b6005a22140021cc324cea84dd0e72cff3b4"
dependencies = [
 "icu_collections",
 "icu_normalizer_data",
 "icu_properties",
 "icu_provider",
 "smallvec",
 "zerovec",
]

[[package]]
name = "icu_normalizer_data"
version = "2.2.0"
source = "registry+https://github.com/rust-lang/crates.io-index"
checksum = "da3be0ae77ea334f4da67c12f149704f19f81d1adf7c51cf482943e84a2bad38"

[[package]]
name = "icu_properties"
version = "2.2.0"
source = "registry+https://github.com/rust-lang/crates.io-index"
checksum = "bee3b67d0ea5c2cca5003417989af8996f8604e34fb9ddf96208a033901e70de"
dependencies = [
 "icu_collections",
 "icu_locale_core",
 "icu_properties_data",
 "icu_provider",
 "zerotrie",
 "zerovec",
]

[[package]]
name = "icu_properties_data"
version = "2.2.0"
source = "registry+https://github.com/rust-lang/crates.io-index"
checksum = "8e2bbb201e0c04f7b4b3e14382af113e17ba4f63e2c9d2ee626b720cbce54a14"

[[package]]
name = "icu_provider"
version = "2.2.0"
source = "registry+https://github.com/rust-lang/crates.io-index"
checksum = "139c4cf31c8b5f33d7e199446eff9c1e02decfc2f0eec2c8d71f65befa45b421"
dependencies = [
 "displaydoc",
 "icu_locale_core",
 "writeable",
 "yoke",
 "zerofrom",
 "zerotrie",
 "zerovec",
]

[[package]]
name = "id-arena"
version = "2.3.0"
source = "registry+https://github.com/rust-lang/crates.io-index"
checksum = "3d3067d79b975e8844ca9eb072e16b31c3c1c36928edf9c6789548c524d0d954"

[[package]]
name = "idna"
version = "1.1.0"
source = "registry+https://github.com/rust-lang/crates.io-index"
checksum = "3b0875f23caa03898994f6ddc501886a45c7d3d62d04d2d90788d47be1b1e4de"
dependencies = [
 "idna_adapter",
 "smallvec",
 "utf8_iter",
]

[[package]]
name = "idna_adapter"
version = "1.2.2"
source = "registry+https://github.com/rust-lang/crates.io-index"
checksum = "cb68373c0d6620ef8105e855e7745e18b0d00d3bdb07fb532e434244cdb9a714"
dependencies = [
 "icu_normalizer",
 "icu_properties",
]

[[package]]
name = "indexmap"
version = "2.14.0"
source = "registry+https://github.com/rust-lang/crates.io-index"
checksum = "d466e9454f08e4a911e14806c24e16fba1b4c121d1ea474396f396069cf949d9"
dependencies = [
 "equivalent",
 "hashbrown",
 "serde",
 "serde_core",
]

[[package]]
name = "itoa"
version = "1.0.18"
source = "registry+https://github.com/rust-lang/crates.io-index"
checksum = "8f42a60cbdf9a97f5d2305f08a87dc4e09308d1276d28c869c684d7777685682"

[[package]]
name = "leb128fmt"
version = "0.1.0"
source = "registry+https://github.com/rust-lang/crates.io-index"
checksum = "09edd9e8b54e49e587e4f6295a7d29c3ea94d469cb40ab8ca70b288248a81db2"

[[package]]
name = "litemap"
version = "0.8.2"
source = "registry+https://github.com/rust-lang/crates.io-index"
checksum = "92daf443525c4cce67b150400bc2316076100ce0b3686209eb8cf3c31612e6f0"

[[package]]
name = "log"
version = "0.4.30"
source = "registry+https://github.com/rust-lang/crates.io-index"
checksum = "616ec5685824bcc94416c6d4a7a446eea774a31efd7062c8480ba6fd06d7a6e5"

[[package]]
name = "memchr"
version = "2.8.0"
source = "registry+https://github.com/rust-lang/crates.io-index"
checksum = "f8ca58f447f06ed17d5fc4043ce1b10dd205e060fb3ce5b979b8ed8e59ff3f79"

[[package]]
name = "miniz_oxide"
version = "0.8.9"
source = "registry+https://github.com/rust-lang/crates.io-index"
checksum = "1fa76a2c86f704bdb222d66965fb3d63269ce38518b83cb0575fca855ebb6316"
dependencies = [
 "adler2",
 "simd-adler32",
]

[[package]]
name = "percent-encoding"
version = "2.3.2"
source = "registry+https://github.com/rust-lang/crates.io-index"
checksum = "9b4f627cb1b25917193a259e49bdad08f671f8d9708acfd5fe0a8c1455d87220"

[[package]]
name = "petgraph"
version = "0.6.5"
source = "registry+https://github.com/rust-lang/crates.io-index"
checksum = "b4c5cc86750666a3ed20bdaf5ca2a0344f9c67674cae0515bec2da16fbaa47db"
dependencies = [
 "fixedbitset",
 "indexmap",
]

[[package]]
name = "potential_utf"
version = "0.1.5"
source = "registry+https://github.com/rust-lang/crates.io-index"
checksum = "0103b1cef7ec0cf76490e969665504990193874ea05c85ff9bab8b911d0a0564"
dependencies = [
 "zerovec",
]

[[package]]
name = "proc-macro2"
version = "1.0.106"
source = "registry+https://github.com/rust-lang/crates.io-index"
checksum = "8fd00f0bb2e90d81d1044c2b32617f68fcb9fa3bb7640c23e9c748e53fb30934"
dependencies = [
 "unicode-ident",
]

[[package]]
name = "quote"
version = "1.0.45"
source = "registry+https://github.com/rust-lang/crates.io-index"
checksum = "41f2619966050689382d2b44f664f4bc593e129785a36d6ee376ddf37259b924"
dependencies = [
 "proc-macro2",
]

[[package]]
name = "semver"
version = "1.0.28"
source = "registry+https://github.com/rust-lang/crates.io-index"
checksum = "8a7852d02fc848982e0c167ef163aaff9cd91dc640ba85e263cb1ce46fae51cd"
dependencies = [
 "serde",
 "serde_core",
]

[[package]]
name = "serde"
version = "1.0.228"
source = "registry+https://github.com/rust-lang/crates.io-index"
checksum = "9a8e94ea7f378bd32cbbd37198a4a91436180c5bb472411e48b5ec2e2124ae9e"
dependencies = [
 "serde_core",
 "serde_derive",
]

[[package]]
name = "serde_core"
version = "1.0.228"
source = "registry+https://github.com/rust-lang/crates.io-index"
checksum = "41d385c7d4ca58e59fc732af25c3983b67ac852c1a25000afe1175de458b67ad"
dependencies = [
 "serde_derive",
]

[[package]]
name = "serde_derive"
version = "1.0.228"
source = "registry+https://github.com/rust-lang/crates.io-index"
checksum = "d540f220d3187173da220f885ab66608367b6574e925011a9353e4badda91d79"
dependencies = [
 "proc-macro2",
 "quote",
 "syn",
]

[[package]]
name = "serde_json"
version = "1.0.150"
source = "registry+https://github.com/rust-lang/crates.io-index"
checksum = "e8014e44b4736ed0538adeecded0fce2a272f22dc9578a7eb6b2d9993c74cfb9"
dependencies = [
 "itoa",
 "memchr",
 "serde",
 "serde_core",
 "zmij",
]

[[package]]
name = "simd-adler32"
version = "0.3.9"
source = "registry+https://github.com/rust-lang/crates.io-index"
checksum = "703d5c7ef118737c72f1af64ad2f6f8c5e1921f818cdcb97b8fe6fc69bf66214"

[[package]]
name = "smallvec"
version = "1.15.1"
source = "registry+https://github.com/rust-lang/crates.io-index"
checksum = "67b1b7a3b5fe4f1376887184045fcf45c69e92af734b7aaddc05fb777b6fbd03"

[[package]]
name = "spdx"
version = "0.13.4"
source = "registry+https://github.com/rust-lang/crates.io-index"
checksum = "a8da593e30beb790fc9424502eb898320b44e5eb30367dbda1c1edde8e2f32d7"
dependencies = [
 "smallvec",
]

[[package]]
name = "stable_deref_trait"
version = "1.2.1"
source = "registry+https://github.com/rust-lang/crates.io-index"
checksum = "6ce2be8dc25455e1f91df71bfa12ad37d7af1092ae736f3a6cd0e37bc7810596"

[[package]]
name = "syn"
version = "2.0.117"
source = "registry+https://github.com/rust-lang/crates.io-index"
checksum = "e665b8803e7b1d2a727f4023456bbbbe74da67099c585258af0ad9c5013b9b99"
dependencies = [
 "proc-macro2",
 "quote",
 "unicode-ident",
]

[[package]]
name = "synstructure"
version = "0.13.2"
source = "registry+https://github.com/rust-lang/crates.io-index"
checksum = "728a70f3dbaf5bab7f0c4b1ac8d7ae5ea60a4b5549c8a5914361c99147a709d2"
dependencies = [
 "proc-macro2",
 "quote",
 "syn",
]

[[package]]
name = "thiserror"
version = "1.0.69"
source = "registry+https://github.com/rust-lang/crates.io-index"
checksum = "b6aaf5339b578ea85b50e080feb250a3e8ae8cfcdff9a461c9ec2904bc923f52"
dependencies = [
 "thiserror-impl",
]

[[package]]
name = "thiserror-impl"
version = "1.0.69"
source = "registry+https://github.com/rust-lang/crates.io-index"
checksum = "4fee6c4efc90059e10f81e6d42c60a18f76588c3d74cb83a0b242a2b6c7504c1"
dependencies = [
 "proc-macro2",
 "quote",
 "syn",
]

[[package]]
name = "tinystr"
version = "0.8.3"
source = "registry+https://github.com/rust-lang/crates.io-index"
checksum = "c8323304221c2a851516f22236c5722a72eaa19749016521d6dff0824447d96d"
dependencies = [
 "displaydoc",
 "zerovec",
]

[[package]]
name = "topological-sort"
version = "0.2.2"
source = "registry+https://github.com/rust-lang/crates.io-index"
checksum = "ea68304e134ecd095ac6c3574494fc62b909f416c4fca77e440530221e549d3d"

[[package]]
name = "unicode-ident"
version = "1.0.24"
source = "registry+https://github.com/rust-lang/crates.io-index"
checksum = "e6e4313cd5fcd3dad5cafa179702e2b244f760991f45397d14d4ebf38247da75"

[[package]]
name = "unicode-width"
version = "0.2.2"
source = "registry+https://github.com/rust-lang/crates.io-index"
checksum = "b4ac048d71ede7ee76d585517add45da530660ef4390e49b098733c6e897f254"

[[package]]
name = "unicode-xid"
version = "0.2.6"
source = "registry+https://github.com/rust-lang/crates.io-index"
checksum = "ebc1c04c71510c7f702b52b7c350734c9ff1295c464a03335b00bb84fc54f853"

[[package]]
name = "url"
version = "2.5.8"
source = "registry+https://github.com/rust-lang/crates.io-index"
checksum = "ff67a8a4397373c3ef660812acab3268222035010ab8680ec4215f38ba3d0eed"
dependencies = [
 "form_urlencoded",
 "idna",
 "percent-encoding",
 "serde",
]

[[package]]
name = "utf8_iter"
version = "1.0.4"
source = "registry+https://github.com/rust-lang/crates.io-index"
checksum = "b6c140620e7ffbb22c2dee59cafe6084a59b5ffc27a8859a5f0d494b5d52b6be"

[[package]]
name = "wac-graph"
version = "0.10.0"
source = "registry+https://github.com/rust-lang/crates.io-index"
checksum = "1294c33de03c933cceedb23457c9317ca87b3df11580250ec35a6fadc8c229da"
dependencies = [
 "anyhow",
 "id-arena",
 "indexmap",
 "log",
 "petgraph",
 "semver",
 "thiserror",
 "wac-types",
 "wasm-encoder 0.247.0",
 "wasm-metadata 0.247.0",
 "wasmparser 0.247.0",
]

[[package]]
name = "wac-types"
version = "0.10.0"
source = "registry+https://github.com/rust-lang/crates.io-index"
checksum = "f8d2a240ab5ee560f160b161886e53b7eded2d5a9949964c832edfa1636f283b"
dependencies = [
 "anyhow",
 "id-arena",
 "indexmap",
 "semver",
 "wasm-encoder 0.247.0",
 "wasmparser 0.247.0",
]

[[package]]
name = "wasm-encoder"
version = "0.247.0"
source = "registry+https://github.com/rust-lang/crates.io-index"
checksum = "30b6733b8b91d010a6ac5b0fb237dc46a19650bc4c67db66857e2e787d437204"
dependencies = [
 "leb128fmt",
 "wasmparser 0.247.0",
]

[[package]]
name = "wasm-encoder"
version = "0.250.0"
source = "registry+https://github.com/rust-lang/crates.io-index"
checksum = "2271adb766023046af314460f1fae02cc34ea16d736d93404d3b65be44270923"
dependencies = [
 "leb128fmt",
 "wasmparser 0.250.0",
]

[[package]]
name = "wasm-metadata"
version = "0.247.0"
source = "registry+https://github.com/rust-lang/crates.io-index"
checksum = "665fe59e56cc9b419ca6fcca56673e3421d1a5011e3b65caf6b726fd9e041d10"
dependencies = [
 "anyhow",
 "auditable-serde",
 "flate2",
 "indexmap",
 "serde",
 "serde_derive",
 "serde_json",
 "spdx",
 "url",
 "wasm-encoder 0.247.0",
 "wasmparser 0.247.0",
]

[[package]]
name = "wasm-metadata"
version = "0.250.0"
source = "registry+https://github.com/rust-lang/crates.io-index"
checksum = "14d2fe7edf8b5c8870da3f6796f8ebe1898af1276f18490c861fcb1a11436556"
dependencies = [
 "anyhow",
 "indexmap",
 "wasm-encoder 0.250.0",
 "wasmparser 0.250.0",
]

[[package]]
name = "wasmparser"
version = "0.247.0"
source = "registry+https://github.com/rust-lang/crates.io-index"
checksum = "8e6fb4c2bee46c5ea4d40f8cdb5c131725cd976718ec56f1c8e82fbde5fa2a80"
dependencies = [
 "bitflags",
 "hashbrown",
 "indexmap",
 "semver",
 "serde",
]

[[package]]
name = "wasmparser"
version = "0.250.0"
source = "registry+https://github.com/rust-lang/crates.io-index"
checksum = "071d99cdfb8111603ed05500506c3298a940b58d609dd0259d3981785dd33556"
dependencies = [
 "bitflags",
 "hashbrown",
 "indexmap",
 "semver",
 "serde",
]

[[package]]
name = "wast"
version = "250.0.0"
source = "registry+https://github.com/rust-lang/crates.io-index"
checksum = "69e9294a1f0204aeb5c47e95165517f43ef3cc895918c4f3e939380d4c290f4a"
dependencies = [
 "bumpalo",
 "leb128fmt",
 "memchr",
 "unicode-width",
 "wasm-encoder 0.250.0",
]

[[package]]
name = "wat"
version = "1.250.0"
source = "registry+https://github.com/rust-lang/crates.io-index"
checksum = "0a549ed329a70e444e0f7796391ab2a87d0aef30ddde9f60e16e429224fafd02"
dependencies = [
 "wast",
]

[[package]]
name = "wit-component"
version = "0.250.0"
source = "registry+https://github.com/rust-lang/crates.io-index"
checksum = "d35e69355f29f746a5b5ed3a81b78a69597d13e24798b89f35f3e2691e59e779"
dependencies = [
 "anyhow",
 "bitflags",
 "indexmap",
 "log",
 "serde",
 "serde_derive",
 "serde_json",
 "wasm-encoder 0.250.0",
 "wasm-metadata 0.250.0",
 "wasmparser 0.250.0",
 "wat",
 "wit-parser",
]

[[package]]
name = "wit-parser"
version = "0.250.0"
source = "registry+https://github.com/rust-lang/crates.io-index"
checksum = "a7be74761ad42af22e13d82d89804369aa7298d4d67ae1523aa694f2b30e6b7a"
dependencies = [
 "anyhow",
 "hashbrown",
 "id-arena",
 "indexmap",
 "log",
 "semver",
 "serde",
 "serde_derive",
 "serde_json",
 "unicode-xid",
 "wasmparser 0.250.0",
]

[[package]]
name = "writeable"
version = "0.6.3"
source = "registry+https://github.com/rust-lang/crates.io-index"
checksum = "1ffae5123b2d3fc086436f8834ae3ab053a283cfac8fe0a0b8eaae044768a4c4"

[[package]]
name = "xtask"
version = "0.0.0"

[[package]]
name = "yoke"
version = "0.8.2"
source = "registry+https://github.com/rust-lang/crates.io-index"
checksum = "abe8c5fda708d9ca3df187cae8bfb9ceda00dd96231bed36e445a1a48e66f9ca"
dependencies = [
 "stable_deref_trait",
 "yoke-derive",
 "zerofrom",
]

[[package]]
name = "yoke-derive"
version = "0.8.2"
source = "registry+https://github.com/rust-lang/crates.io-index"
checksum = "de844c262c8848816172cef550288e7dc6c7b7814b4ee56b3e1553f275f1858e"
dependencies = [
 "proc-macro2",
 "quote",
 "syn",
 "synstructure",
]

[[package]]
name = "zerofrom"
version = "0.1.8"
source = "registry+https://github.com/rust-lang/crates.io-index"
checksum = "0ec05a11813ea801ff6d75110ad09cd0824ddba17dfe17128ea0d5f68e6c5272"
dependencies = [
 "zerofrom-derive",
]

[[package]]
name = "zerofrom-derive"
version = "0.1.7"
source = "registry+https://github.com/rust-lang/crates.io-index"
checksum = "11532158c46691caf0f2593ea8358fed6bbf68a0315e80aae9bd41fbade684a1"
dependencies = [
 "proc-macro2",
 "quote",
 "syn",
 "synstructure",
]

[[package]]
name = "zerotrie"
version = "0.2.4"
source = "registry+https://github.com/rust-lang/crates.io-index"
checksum = "0f9152d31db0792fa83f70fb2f83148effb5c1f5b8c7686c3459e361d9bc20bf"
dependencies = [
 "displaydoc",
 "yoke",
 "zerofrom",
]

[[package]]
name = "zerovec"
version = "0.11.6"
source = "registry+https://github.com/rust-lang/crates.io-index"
checksum = "90f911cbc359ab6af17377d242225f4d75119aec87ea711a880987b18cd7b239"
dependencies = [
 "yoke",
 "zerofrom",
 "zerovec-derive",
]

[[package]]
name = "zerovec-derive"
version = "0.11.3"
source = "registry+https://github.com/rust-lang/crates.io-index"
checksum = "625dc425cab0dca6dc3c3319506e6593dcb08a9f387ea3b284dbd52a92c40555"
dependencies = [
 "proc-macro2",
 "quote",
 "syn",
]

[[package]]
name = "zmij"
version = "1.0.21"
source = "registry+https://github.com/rust-lang/crates.io-index"
checksum = "b8848ee67ecc8aedbaf3e4122217aff892639231befc6a1b58d29fff4c2cabaa"
