# This file is automatically @generated by Cargo.
# It is not intended for manual editing.
version = 4

[[package]]
name = "anyhow"
version = "1.0.102"
source = "registry+https://github.com/rust-lang/crates.io-index"
checksum = "7f202df86484c868dbad7eaa557ef785d5c66295e41b460ef922eca0723b842c"

[[package]]
name = "arrayref"
version = "0.3.9"
source = "registry+https://github.com/rust-lang/crates.io-index"
checksum = "76a2e8124351fda1ef8aaaa3bbd7ebbcb486bbcd4225aca0aa0d84bb2db8fecb"

[[package]]
name = "arrayvec"
version = "0.7.6"
source = "registry+https://github.com/rust-lang/crates.io-index"
checksum = "7c02d123df017efcdfbd739ef81735b36c5ba83ec3c59c80a9d7ecc718f92e50"

[[package]]
name = "bitflags"
version = "2.11.1"
source = "registry+https://github.com/rust-lang/crates.io-index"
checksum = "c4512299f36f043ab09a583e57bceb5a5aab7a73db1805848e8fef3c9e8c78b3"

[[package]]
name = "blake3"
version = "1.8.5"
source = "registry+https://github.com/rust-lang/crates.io-index"
checksum = "0aa83c34e62843d924f905e0f5c866eb1dd6545fc4d719e803d9ba6030371fce"
dependencies = [
 "arrayref",
 "arrayvec",
 "cc",
 "cfg-if",
 "constant_time_eq",
 "cpufeatures",
]

[[package]]
name = "cc"
version = "1.2.62"
source = "registry+https://github.com/rust-lang/crates.io-index"
checksum = "a1dce859f0832a7d088c4f1119888ab94ef4b5d6795d1ce05afb7fe159d79f98"
dependencies = [
 "find-msvc-tools",
 "shlex",
]

[[package]]
name = "cfg-if"
version = "1.0.4"
source = "registry+https://github.com/rust-lang/crates.io-index"
checksum = "9330f8b2ff13f34540b44e946ef35111825727b38d33286ef986142615121801"

[[package]]
name = "constant_time_eq"
version = "0.4.2"
source = "registry+https://github.com/rust-lang/crates.io-index"
checksum = "3d52eff69cd5e647efe296129160853a42795992097e8af39800e1060caeea9b"

[[package]]
name = "cpufeatures"
version = "0.3.0"
source = "registry+https://github.com/rust-lang/crates.io-index"
checksum = "8b2a41393f66f16b0823bb79094d54ac5fbd34ab292ddafb9a0456ac9f87d201"
dependencies = [
 "libc",
]

[[package]]
name = "dlmalloc"
version = "0.2.14"
source = "registry+https://github.com/rust-lang/crates.io-index"
checksum = "ad5208a115eaba24916f7456929832e310a81518c641f93fee4f89aa93aa3675"
dependencies = [
 "cfg-if",
 "libc",
 "windows-sys",
]

[[package]]
name = "eo9-coreutil-cat"
version = "0.0.0"
dependencies = [
 "eo9-guest",
 "wit-bindgen",
]

[[package]]
name = "eo9-coreutil-cp"
version = "0.0.0"
dependencies = [
 "eo9-guest",
 "wit-bindgen",
]

[[package]]
name = "eo9-coreutil-echo"
version = "0.0.0"
dependencies = [
 "eo9-guest",
 "wit-bindgen",
]

[[package]]
name = "eo9-coreutil-find"
version = "0.0.0"
dependencies = [
 "eo9-guest",
 "wit-bindgen",
]

[[package]]
name = "eo9-coreutil-head"
version = "0.0.0"
dependencies = [
 "eo9-guest",
 "wit-bindgen",
]

[[package]]
name = "eo9-coreutil-ls"
version = "0.0.0"
dependencies = [
 "eo9-guest",
 "wit-bindgen",
]

[[package]]
name = "eo9-coreutil-mkdir"
version = "0.0.0"
dependencies = [
 "eo9-guest",
 "wit-bindgen",
]

[[package]]
name = "eo9-coreutil-rm"
version = "0.0.0"
dependencies = [
 "eo9-guest",
 "wit-bindgen",
]

[[package]]
name = "eo9-coreutil-rng"
version = "0.0.0"
dependencies = [
 "eo9-guest",
 "wit-bindgen",
]

[[package]]
name = "eo9-coreutil-stat"
version = "0.0.0"
dependencies = [
 "eo9-guest",
 "wit-bindgen",
]

[[package]]
name = "eo9-coreutil-touch"
version = "0.0.0"
dependencies = [
 "eo9-guest",
 "wit-bindgen",
]

[[package]]
name = "eo9-coreutil-wc"
version = "0.0.0"
dependencies = [
 "eo9-guest",
 "wit-bindgen",
]

[[package]]
name = "eo9-example-cruncher"
version = "0.0.0"
dependencies = [
 "eo9-guest",
 "wit-bindgen",
]

[[package]]
name = "eo9-example-hello"
version = "0.0.0"
dependencies = [
 "eo9-guest",
 "wit-bindgen",
]

[[package]]
name = "eo9-example-lspci"
version = "0.0.0"
dependencies = [
 "eo9-guest",
 "wit-bindgen",
]

[[package]]
name = "eo9-example-outcomes"
version = "0.0.0"
dependencies = [
 "eo9-guest",
 "wit-bindgen",
]

[[package]]
name = "eo9-example-readwrite"
version = "0.0.0"
dependencies = [
 "eo9-guest",
 "wit-bindgen",
]

[[package]]
name = "eo9-example-sockcheck"
version = "0.0.0"
dependencies = [
 "eo9-guest",
 "wit-bindgen",
]

[[package]]
name = "eo9-guest"
version = "0.0.0"
dependencies = [
 "dlmalloc",
 "wit-bindgen",
]

[[package]]
name = "eo9-stub-disk-mem"
version = "0.0.0"
dependencies = [
 "eo9-guest",
 "wit-bindgen",
]

[[package]]
name = "eo9-stub-disk-none"
version = "0.0.0"
dependencies = [
 "eo9-guest",
 "wit-bindgen",
]

[[package]]
name = "eo9-stub-entropy-none"
version = "0.0.0"
dependencies = [
 "eo9-guest",
 "wit-bindgen",
]

[[package]]
name = "eo9-stub-entropy-seeded"
version = "0.0.0"
dependencies = [
 "eo9-guest",
 "wit-bindgen",
]

[[package]]
name = "eo9-stub-fs-eofs"
version = "0.0.0"
dependencies = [
 "eo9-guest",
 "eofs-core",
 "wit-bindgen",
]

[[package]]
name = "eo9-stub-fs-memfs"
version = "0.0.0"
dependencies = [
 "eo9-guest",
 "wit-bindgen",
]

[[package]]
name = "eo9-stub-fs-none"
version = "0.0.0"
dependencies = [
 "eo9-guest",
 "wit-bindgen",
]

[[package]]
name = "eo9-stub-fs-overlay"
version = "0.0.0"
dependencies = [
 "eo9-guest",
 "wit-bindgen",
]

[[package]]
name = "eo9-stub-fs-readonly"
version = "0.0.0"
dependencies = [
 "eo9-guest",
 "wit-bindgen",
]

[[package]]
name = "eo9-stub-net-l2-deny"
version = "0.0.0"
dependencies = [
 "eo9-guest",
 "wit-bindgen",
]

[[package]]
name = "eo9-stub-net-l2-none"
version = "0.0.0"
dependencies = [
 "eo9-guest",
 "wit-bindgen",
]

[[package]]
name = "eo9-stub-net-l3-deny"
version = "0.0.0"
dependencies = [
 "eo9-guest",
 "wit-bindgen",
]

[[package]]
name = "eo9-stub-net-l3-none"
version = "0.0.0"
dependencies = [
 "eo9-guest",
 "wit-bindgen",
]

[[package]]
name = "eo9-stub-net-l4-deny"
version = "0.0.0"
dependencies = [
 "eo9-guest",
 "wit-bindgen",
]

[[package]]
name = "eo9-stub-net-l4-loopback"
version = "0.0.0"
dependencies = [
 "eo9-guest",
 "wit-bindgen",
]

[[package]]
name = "eo9-stub-net-l4-none"
version = "0.0.0"
dependencies = [
 "eo9-guest",
 "wit-bindgen",
]

[[package]]
name = "eo9-stub-pci-none"
version = "0.0.0"
dependencies = [
 "eo9-guest",
 "wit-bindgen",
]

[[package]]
name = "eo9-stub-perf-none"
version = "0.0.0"
dependencies = [
 "eo9-guest",
 "wit-bindgen",
]

[[package]]
name = "eo9-stub-perf-null"
version = "0.0.0"
dependencies = [
 "eo9-guest",
 "wit-bindgen",
]

[[package]]
name = "eo9-stub-text-none"
version = "0.0.0"
dependencies = [
 "eo9-guest",
 "wit-bindgen",
]

[[package]]
name = "eo9-stub-text-null"
version = "0.0.0"
dependencies = [
 "eo9-guest",
 "wit-bindgen",
]

[[package]]
name = "eo9-stub-time-frozen"
version = "0.0.0"
dependencies = [
 "eo9-guest",
 "wit-bindgen",
]

[[package]]
name = "eo9-stub-time-fuzzy"
version = "0.0.0"
dependencies = [
 "eo9-guest",
 "wit-bindgen",
]

[[package]]
name = "eo9-stub-time-monotonic-stub"
version = "0.0.0"
dependencies = [
 "eo9-guest",
 "wit-bindgen",
]

[[package]]
name = "eo9-stub-time-none"
version = "0.0.0"
dependencies = [
 "eo9-guest",
 "wit-bindgen",
]

[[package]]
name = "eofs-core"
version = "0.1.0"
dependencies = [
 "blake3",
 "lz4_flex",
]

[[package]]
name = "eosh"
version = "0.0.0"
dependencies = [
 "eo9-guest",
 "eosh-core",
 "wit-bindgen",
]

[[package]]
name = "eosh-core"
version = "0.0.0"

[[package]]
name = "equivalent"
version = "1.0.2"
source = "registry+https://github.com/rust-lang/crates.io-index"
checksum = "877a4ace8713b0bcf2a4e7eec82529c029f1d0619886d18145fea96c3ffe5c0f"

[[package]]
name = "find-msvc-tools"
version = "0.1.9"
source = "registry+https://github.com/rust-lang/crates.io-index"
checksum = "5baebc0774151f905a1a2cc41989300b1e6fbb29aff0ceffa1064fdd3088d582"

[[package]]
name = "foldhash"
version = "0.2.0"
source = "registry+https://github.com/rust-lang/crates.io-index"
checksum = "77ce24cb58228fbb8aa041425bb1050850ac19177686ea6e0f41a70416f56fdb"

[[package]]
name = "hashbrown"
version = "0.17.1"
source = "registry+https://github.com/rust-lang/crates.io-index"
checksum = "ed5909b6e89a2db4456e54cd5f673791d7eca6732202bbf2a9cc504fe2f9b84a"
dependencies = [
 "foldhash",
]

[[package]]
name = "heck"
version = "0.5.0"
source = "registry+https://github.com/rust-lang/crates.io-index"
checksum = "2304e00983f87ffb38b55b444b5e3b60a884b5d30c0fca7d82fe33449bbe55ea"

[[package]]
name = "id-arena"
version = "2.3.0"
source = "registry+https://github.com/rust-lang/crates.io-index"
checksum = "3d3067d79b975e8844ca9eb072e16b31c3c1c36928edf9c6789548c524d0d954"

[[package]]
name = "indexmap"
version = "2.14.0"
source = "registry+https://github.com/rust-lang/crates.io-index"
checksum = "d466e9454f08e4a911e14806c24e16fba1b4c121d1ea474396f396069cf949d9"
dependencies = [
 "equivalent",
 "hashbrown",
 "serde",
 "serde_core",
]

[[package]]
name = "itoa"
version = "1.0.18"
source = "registry+https://github.com/rust-lang/crates.io-index"
checksum = "8f42a60cbdf9a97f5d2305f08a87dc4e09308d1276d28c869c684d7777685682"

[[package]]
name = "leb128fmt"
version = "0.1.0"
source = "registry+https://github.com/rust-lang/crates.io-index"
checksum = "09edd9e8b54e49e587e4f6295a7d29c3ea94d469cb40ab8ca70b288248a81db2"

[[package]]
name = "libc"
version = "0.2.186"
source = "registry+https://github.com/rust-lang/crates.io-index"
checksum = "68ab91017fe16c622486840e4c83c9a37afeff978bd239b5293d61ece587de66"

[[package]]
name = "log"
version = "0.4.30"
source = "registry+https://github.com/rust-lang/crates.io-index"
checksum = "616ec5685824bcc94416c6d4a7a446eea774a31efd7062c8480ba6fd06d7a6e5"

[[package]]
name = "lz4_flex"
version = "0.13.1"
source = "registry+https://github.com/rust-lang/crates.io-index"
checksum = "7ef0d4ed8669f8f8826eb00dc878084aa8f253506c4fd5e8f58f5bce72ddb97e"

[[package]]
name = "macro-string"
version = "0.2.0"
source = "registry+https://github.com/rust-lang/crates.io-index"
checksum = "59a9dbbfc75d2688ed057456ce8a3ee3f48d12eec09229f560f3643b9f275653"
dependencies = [
 "proc-macro2",
 "quote",
 "syn",
]

[[package]]
name = "memchr"
version = "2.8.0"
source = "registry+https://github.com/rust-lang/crates.io-index"
checksum = "f8ca58f447f06ed17d5fc4043ce1b10dd205e060fb3ce5b979b8ed8e59ff3f79"

[[package]]
name = "prettyplease"
version = "0.2.37"
source = "registry+https://github.com/rust-lang/crates.io-index"
checksum = "479ca8adacdd7ce8f1fb39ce9ecccbfe93a3f1344b3d0d97f20bc0196208f62b"
dependencies = [
 "proc-macro2",
 "syn",
]

[[package]]
name = "proc-macro2"
version = "1.0.106"
source = "registry+https://github.com/rust-lang/crates.io-index"
checksum = "8fd00f0bb2e90d81d1044c2b32617f68fcb9fa3bb7640c23e9c748e53fb30934"
dependencies = [
 "unicode-ident",
]

[[package]]
name = "quote"
version = "1.0.45"
source = "registry+https://github.com/rust-lang/crates.io-index"
checksum = "41f2619966050689382d2b44f664f4bc593e129785a36d6ee376ddf37259b924"
dependencies = [
 "proc-macro2",
]

[[package]]
name = "semver"
version = "1.0.28"
source = "registry+https://github.com/rust-lang/crates.io-index"
checksum = "8a7852d02fc848982e0c167ef163aaff9cd91dc640ba85e263cb1ce46fae51cd"

[[package]]
name = "serde"
version = "1.0.228"
source = "registry+https://github.com/rust-lang/crates.io-index"
checksum = "9a8e94ea7f378bd32cbbd37198a4a91436180c5bb472411e48b5ec2e2124ae9e"
dependencies = [
 "serde_core",
]

[[package]]
name = "serde_core"
version = "1.0.228"
source = "registry+https://github.com/rust-lang/crates.io-index"
checksum = "41d385c7d4ca58e59fc732af25c3983b67ac852c1a25000afe1175de458b67ad"
dependencies = [
 "serde_derive",
]

[[package]]
name = "serde_derive"
version = "1.0.228"
source = "registry+https://github.com/rust-lang/crates.io-index"
checksum = "d540f220d3187173da220f885ab66608367b6574e925011a9353e4badda91d79"
dependencies = [
 "proc-macro2",
 "quote",
 "syn",
]

[[package]]
name = "serde_json"
version = "1.0.150"
source = "registry+https://github.com/rust-lang/crates.io-index"
checksum = "e8014e44b4736ed0538adeecded0fce2a272f22dc9578a7eb6b2d9993c74cfb9"
dependencies = [
 "itoa",
 "memchr",
 "serde",
 "serde_core",
 "zmij",
]

[[package]]
name = "shlex"
version = "1.3.0"
source = "registry+https://github.com/rust-lang/crates.io-index"
checksum = "0fda2ff0d084019ba4d7c6f371c95d8fd75ce3524c3cb8fb653a3023f6323e64"

[[package]]
name = "syn"
version = "2.0.117"
source = "registry+https://github.com/rust-lang/crates.io-index"
checksum = "e665b8803e7b1d2a727f4023456bbbbe74da67099c585258af0ad9c5013b9b99"
dependencies = [
 "proc-macro2",
 "quote",
 "unicode-ident",
]

[[package]]
name = "unicode-ident"
version = "1.0.24"
source = "registry+https://github.com/rust-lang/crates.io-index"
checksum = "e6e4313cd5fcd3dad5cafa179702e2b244f760991f45397d14d4ebf38247da75"

[[package]]
name = "unicode-xid"
version = "0.2.6"
source = "registry+https://github.com/rust-lang/crates.io-index"
checksum = "ebc1c04c71510c7f702b52b7c350734c9ff1295c464a03335b00bb84fc54f853"

[[package]]
name = "wasm-encoder"
version = "0.249.0"
source = "registry+https://github.com/rust-lang/crates.io-index"
checksum = "69830ccbbf41c55eb585991659fb70867ef628193af3a495f09a6956f7615e59"
dependencies = [
 "leb128fmt",
 "wasmparser",
]

[[package]]
name = "wasm-metadata"
version = "0.249.0"
source = "registry+https://github.com/rust-lang/crates.io-index"
checksum = "bf6f124f965aeeec4ed97f7176a7bb2c862f550d098d488ff258db2867893894"
dependencies = [
 "anyhow",
 "indexmap",
 "wasm-encoder",
 "wasmparser",
]

[[package]]
name = "wasmparser"
version = "0.249.0"
source = "registry+https://github.com/rust-lang/crates.io-index"
checksum = "30538cae9a794215f490b532df01c557e2e2bfac92569482554acd0992a102ea"
dependencies = [
 "bitflags",
 "hashbrown",
 "indexmap",
 "semver",
]

[[package]]
name = "windows-link"
version = "0.2.1"
source = "registry+https://github.com/rust-lang/crates.io-index"
checksum = "f0805222e57f7521d6a62e36fa9163bc891acd422f971defe97d64e70d0a4fe5"

[[package]]
name = "windows-sys"
version = "0.61.2"
source = "registry+https://github.com/rust-lang/crates.io-index"
checksum = "ae137229bcbd6cdf0f7b80a31df61766145077ddf49416a728b02cb3921ff3fc"
dependencies = [
 "windows-link",
]

[[package]]
name = "wit-bindgen"
version = "0.57.1"
source = "git+https://github.com/bytecodealliance/wit-bindgen?rev=ea49687c8db0c6abb5de9fa3ea3c7c298587c8f3#ea49687c8db0c6abb5de9fa3ea3c7c298587c8f3"
dependencies = [
 "bitflags",
 "wit-bindgen-rust-macro",
]

[[package]]
name = "wit-bindgen-core"
version = "0.57.1"
source = "git+https://github.com/bytecodealliance/wit-bindgen?rev=ea49687c8db0c6abb5de9fa3ea3c7c298587c8f3#ea49687c8db0c6abb5de9fa3ea3c7c298587c8f3"
dependencies = [
 "anyhow",
 "heck",
 "wit-parser",
]

[[package]]
name = "wit-bindgen-rust"
version = "0.57.1"
source = "git+https://github.com/bytecodealliance/wit-bindgen?rev=ea49687c8db0c6abb5de9fa3ea3c7c298587c8f3#ea49687c8db0c6abb5de9fa3ea3c7c298587c8f3"
dependencies = [
 "anyhow",
 "heck",
 "indexmap",
 "prettyplease",
 "syn",
 "wasm-metadata",
 "wit-bindgen-core",
 "wit-component",
]

[[package]]
name = "wit-bindgen-rust-macro"
version = "0.57.1"
source = "git+https://github.com/bytecodealliance/wit-bindgen?rev=ea49687c8db0c6abb5de9fa3ea3c7c298587c8f3#ea49687c8db0c6abb5de9fa3ea3c7c298587c8f3"
dependencies = [
 "anyhow",
 "macro-string",
 "prettyplease",
 "proc-macro2",
 "quote",
 "syn",
 "wit-bindgen-core",
 "wit-bindgen-rust",
]

[[package]]
name = "wit-component"
version = "0.249.0"
source = "registry+https://github.com/rust-lang/crates.io-index"
checksum = "d66a8d940b203e145ddd71f7790118f4ae17f240c670a3b80fe3c2373d7c0e57"
dependencies = [
 "anyhow",
 "bitflags",
 "indexmap",
 "log",
 "serde",
 "serde_derive",
 "serde_json",
 "wasm-encoder",
 "wasm-metadata",
 "wasmparser",
 "wit-parser",
]

[[package]]
name = "wit-parser"
version = "0.249.0"
source = "registry+https://github.com/rust-lang/crates.io-index"
checksum = "50840f2e2cf170d910858089d7dfb3e97c6f9a0d6ec7bff7f7cc28f5aeacc15f"
dependencies = [
 "anyhow",
 "hashbrown",
 "id-arena",
 "indexmap",
 "log",
 "semver",
 "serde",
 "serde_derive",
 "serde_json",
 "unicode-xid",
 "wasmparser",
]

[[package]]
name = "zmij"
version = "1.0.21"
source = "registry+https://github.com/rust-lang/crates.io-index"
checksum = "b8848ee67ecc8aedbaf3e4122217aff892639231befc6a1b58d29fff4c2cabaa"
